// !$*UTF8*$!
{
	archiveVersion = 1;
	classes = {
	};
	objectVersion = 51;
	objects = {

/* Begin PBXBuildFile section */
		3DCB3C87946CF77AAADE0482 /* Pods_PopupDialogReviewAppSample.framework in Frameworks */ = {isa = PBXBuildFile; fileRef = 5961E4E49306E864C89AFDD7 /* Pods_PopupDialogReviewAppSample.framework */; };
		D1D940D2251DFFA100FE421D /* AppDelegate.swift in Sources */ = {isa = PBXBuildFile; fileRef = D1D940D1251DFFA100FE421D /* AppDelegate.swift */; };
		D1D940D4251DFFA100FE421D /* SceneDelegate.swift in Sources */ = {isa = PBXBuildFile; fileRef = D1D940D3251DFFA100FE421D /* SceneDelegate.swift */; };
		D1D940D6251DFFA100FE421D /* ViewController.swift in Sources */ = {isa = PBXBuildFile; fileRef = D1D940D5251DFFA100FE421D /* ViewController.swift */; };
		D1D940D9251DFFA100FE421D /* Main.storyboard in Resources */ = {isa = PBXBuildFile; fileRef = D1D940D7251DFFA100FE421D /* Main.storyboard */; };
		D1D940DB251DFFA300FE421D /* Assets.xcassets in Resources */ = {isa = PBXBuildFile; fileRef = D1D940DA251DFFA300FE421D /* Assets.xcassets */; };
		D1D940DE251DFFA300FE421D /* LaunchScreen.storyboard in Resources */ = {isa = PBXBuildFile; fileRef = D1D940DC251DFFA300FE421D /* LaunchScreen.storyboard */; };
		D1D940F0251E00A000FE421D /* RatingViewController.xib in Resources */ = {isa = PBXBuildFile; fileRef = D1D940EE251E00A000FE421D /* RatingViewController.xib */; };
		D1D940F1251E00A000FE421D /* RatingViewController.swift in Sources */ = {isa = PBXBuildFile; fileRef = D1D940EF251E00A000FE421D /* RatingViewController.swift */; };
		D1D940F5251E01A300FE421D /* ReviewTableViewCell.swift in Sources */ = {isa = PBXBuildFile; fileRef = D1D940F3251E01A300FE421D /* ReviewTableViewCell.swift */; };
		D1D940F6251E01A300FE421D /* ReviewTableViewCell.xib in Resources */ = {isa = PBXBuildFile; fileRef = D1D940F4251E01A300FE421D /* ReviewTableViewCell.xib */; };
		D1D940FC251E083800FE421D /* SignUpViewController.swift in Sources */ = {isa = PBXBuildFile; fileRef = D1D940FB251E083800FE421D /* SignUpViewController.swift */; };
		D1D94100251E084500FE421D /* SignInViewController.swift in Sources */ = {isa = PBXBuildFile; fileRef = D1D940FF251E084500FE421D /* SignInViewController.swift */; };
		D1D94103251E087600FE421D /* SignIn.storyboard in Resources */ = {isa = PBXBuildFile; fileRef = D1D94102251E087600FE421D /* SignIn.storyboard */; };
		D1D94106251E08BA00FE421D /* Review.swift in Sources */ = {isa = PBXBuildFile; fileRef = D1D94105251E08BA00FE421D /* Review.swift */; };
		D1D94109251E08E000FE421D /* User.swift in Sources */ = {isa = PBXBuildFile; fileRef = D1D94108251E08E000FE421D /* User.swift */; };
/* End PBXBuildFile section */

/* Begin PBXFileReference section */
		5961E4E49306E864C89AFDD7 /* Pods_PopupDialogReviewAppSample.framework */ = {isa = PBXFileReference; explicitFileType = wrapper.framework; includeInIndex = 0; path = Pods_PopupDialogReviewAppSample.framework; sourceTree = BUILT_PRODUCTS_DIR; };
		8BF1F7BF81E4B4573B83D263 /* Pods-PopupDialogReviewAppSample.debug.xcconfig */ = {isa = PBXFileReference; includeInIndex = 1; lastKnownFileType = text.xcconfig; name = "Pods-PopupDialogReviewAppSample.debug.xcconfig"; path = "Target Support Files/Pods-PopupDialogReviewAppSample/Pods-PopupDialogReviewAppSample.debug.xcconfig"; sourceTree = "<group>"; };
		A70D486AE024A0DBABA0F308 /* Pods-PopupDialogReviewAppSample.release.xcconfig */ = {isa = PBXFileReference; includeInIndex = 1; lastKnownFileType = text.xcconfig; name = "Pods-PopupDialogReviewAppSample.release.xcconfig"; path = "Target Support Files/Pods-PopupDialogReviewAppSample/Pods-PopupDialogReviewAppSample.release.xcconfig"; sourceTree = "<group>"; };
		D1D940CE251DFFA100FE421D /* PopupDialogReviewAppSample.app */ = {isa = PBXFileReference; explicitFileType = wrapper.application; includeInIndex = 0; path = PopupDialogReviewAppSample.app; sourceTree = BUILT_PRODUCTS_DIR; };
		D1D940D1251DFFA100FE421D /* AppDelegate.swift */ = {isa = PBXFileReference; lastKnownFileType = sourcecode.swift; path = AppDelegate.swift; sourceTree = "<group>"; };
		D1D940D3251DFFA100FE421D /* SceneDelegate.swift */ = {isa = PBXFileReference; lastKnownFileType = sourcecode.swift; path = SceneDelegate.swift; sourceTree = "<group>"; };
		D1D940D5251DFFA100FE421D /* ViewController.swift */ = {isa = PBXFileReference; lastKnownFileType = sourcecode.swift; path = ViewController.swift; sourceTree = "<group>"; };
		D1D940D8251DFFA100FE421D /* Base */ = {isa = PBXFileReference; lastKnownFileType = file.storyboard; name = Base; path = Base.lproj/Main.storyboard; sourceTree = "<group>"; };
		D1D940DA251DFFA300FE421D /* Assets.xcassets */ = {isa = PBXFileReference; lastKnownFileType = folder.assetcatalog; path = Assets.xcassets; sourceTree = "<group>"; };
		D1D940DD251DFFA300FE421D /* Base */ = {isa = PBXFileReference; lastKnownFileType = file.storyboard; name = Base; path = Base.lproj/LaunchScreen.storyboard; sourceTree = "<group>"; };
		D1D940DF251DFFA300FE421D /* Info.plist */ = {isa = PBXFileReference; lastKnownFileType = text.plist.xml; path = Info.plist; sourceTree = "<group>"; };
		D1D940EE251E00A000FE421D /* RatingViewController.xib */ = {isa = PBXFileReference; fileEncoding = 4; lastKnownFileType = file.xib; path = RatingViewController.xib; sourceTree = "<group>"; };
		D1D940EF251E00A000FE421D /* RatingViewController.swift */ = {isa = PBXFileReference; fileEncoding = 4; lastKnownFileType = sourcecode.swift; path = RatingViewController.swift; sourceTree = "<group>"; };
		D1D940F3251E01A300FE421D /* ReviewTableViewCell.swift */ = {isa = PBXFileReference; fileEncoding = 4; lastKnownFileType = sourcecode.swift; path = ReviewTableViewCell.swift; sourceTree = "<group>"; };
		D1D940F4251E01A300FE421D /* ReviewTableViewCell.xib */ = {isa = PBXFileReference; fileEncoding = 4; lastKnownFileType = file.xib; path = ReviewTableViewCell.xib; sourceTree = "<group>"; };
		D1D940FB251E083800FE421D /* SignUpViewController.swift */ = {isa = PBXFileReference; lastKnownFileType = sourcecode.swift; path = SignUpViewController.swift; sourceTree = "<group>"; };
		D1D940FF251E084500FE421D /* SignInViewController.swift */ = {isa = PBXFileReference; lastKnownFileType = sourcecode.swift; path = SignInViewController.swift; sourceTree = "<group>"; };
		D1D94102251E087600FE421D /* SignIn.storyboard */ = {isa = PBXFileReference; lastKnownFileType = file.storyboard; path = SignIn.storyboard; sourceTree = "<group>"; };
		D1D94105251E08BA00FE421D /* Review.swift */ = {isa = PBXFileReference; lastKnownFileType = sourcecode.swift; path = Review.swift; sourceTree = "<group>"; };
		D1D94108251E08E000FE421D /* User.swift */ = {isa = PBXFileReference; lastKnownFileType = sourcecode.swift; path = User.swift; sourceTree = "<group>"; };
/* End PBXFileReference section */

/* Begin PBXFrameworksBuildPhase section */
		D1D940CB251DFFA100FE421D /* Frameworks */ = {
			isa = PBXFrameworksBuildPhase;
			buildActionMask = 2147483647;
			files = (
				3DCB3C87946CF77AAADE0482 /* Pods_PopupDialogReviewAppSample.framework in Frameworks */,
			);
			runOnlyForDeploymentPostprocessing = 0;
		};
/* End PBXFrameworksBuildPhase section */

/* Begin PBXGroup section */
		687ABAC4EDE86FC4EB81AB52 /* Frameworks */ = {
			isa = PBXGroup;
			children = (
				5961E4E49306E864C89AFDD7 /* Pods_PopupDialogReviewAppSample.framework */,
			);
			name = Frameworks;
			sourceTree = "<group>";
		};
		D1D940C5251DFFA100FE421D = {
			isa = PBXGroup;
			children = (
				D1D940D0251DFFA100FE421D /* PopupDialogReviewAppSample */,
				D1D940CF251DFFA100FE421D /* Products */,
				FB2D98449BB3F798CA4F686E /* Pods */,
				687ABAC4EDE86FC4EB81AB52 /* Frameworks */,
			);
			sourceTree = "<group>";
		};
		D1D940CF251DFFA100FE421D /* Products */ = {
			isa = PBXGroup;
			children = (
				D1D940CE251DFFA100FE421D /* PopupDialogReviewAppSample.app */,
			);
			name = Products;
			sourceTree = "<group>";
		};
		D1D940D0251DFFA100FE421D /* PopupDialogReviewAppSample */ = {
			isa = PBXGroup;
			children = (
				D1D940FA251E07FB00FE421D /* Models */,
				D1D940F9251E07F200FE421D /* Views */,
				D1D940F8251E07E200FE421D /* Controllers */,
				D1D940DA251DFFA300FE421D /* Assets.xcassets */,
				D1D940DC251DFFA300FE421D /* LaunchScreen.storyboard */,
				D1D940DF251DFFA300FE421D /* Info.plist */,
			);
			path = PopupDialogReviewAppSample;
			sourceTree = "<group>";
		};
		D1D940F8251E07E200FE421D /* Controllers */ = {
			isa = PBXGroup;
			children = (
				D1D940D1251DFFA100FE421D /* AppDelegate.swift */,
				D1D940D3251DFFA100FE421D /* SceneDelegate.swift */,
				D1D940D5251DFFA100FE421D /* ViewController.swift */,
				D1D940FB251E083800FE421D /* SignUpViewController.swift */,
				D1D940FF251E084500FE421D /* SignInViewController.swift */,
			);
			path = Controllers;
			sourceTree = "<group>";
		};
		D1D940F9251E07F200FE421D /* Views */ = {
			isa = PBXGroup;
			children = (
				D1D940D7251DFFA100FE421D /* Main.storyboard */,
				D1D94102251E087600FE421D /* SignIn.storyboard */,
				D1D940EF251E00A000FE421D /* RatingViewController.swift */,
				D1D940EE251E00A000FE421D /* RatingViewController.xib */,
				D1D940F3251E01A300FE421D /* ReviewTableViewCell.swift */,
				D1D940F4251E01A300FE421D /* ReviewTableViewCell.xib */,
			);
			path = Views;
			sourceTree = "<group>";
		};
		D1D940FA251E07FB00FE421D /* Models */ = {
			isa = PBXGroup;
			children = (
				D1D94108251E08E000FE421D /* User.swift */,
				D1D94105251E08BA00FE421D /* Review.swift */,
			);
			path = Models;
			sourceTree = "<group>";
		};
		FB2D98449BB3F798CA4F686E /* Pods */ = {
			isa = PBXGroup;
			children = (
				8BF1F7BF81E4B4573B83D263 /* Pods-PopupDialogReviewAppSample.debug.xcconfig */,
				A70D486AE024A0DBABA0F308 /* Pods-PopupDialogReviewAppSample.release.xcconfig */,
			);
			path = Pods;
			sourceTree = "<group>";
		};
/* End PBXGroup section */

/* Begin PBXNativeTarget section */
		D1D940CD251DFFA100FE421D /* PopupDialogReviewAppSample */ = {
			isa = PBXNativeTarget;
			buildConfigurationList = D1D940E2251DFFA300FE421D /* Build configuration list for PBXNativeTarget "PopupDialogReviewAppSample" */;
			buildPhases = (
				4FEE85ADD23E0451797C3E90 /* [CP] Check Pods Manifest.lock */,
				D1D940CA251DFFA100FE421D /* Sources */,
				D1D940CB251DFFA100FE421D /* Frameworks */,
				D1D940CC251DFFA100FE421D /* Resources */,
				5ECFE788EDD99740BFC2F27F /* [CP] Embed Pods Frameworks */,
			);
			buildRules = (
			);
			dependencies = (
			);
			name = PopupDialogReviewAppSample;
			productName = PopupDialogReviewAppSample;
			productReference = D1D940CE251DFFA100FE421D /* PopupDialogReviewAppSample.app */;
			productType = "com.apple.product-type.application";
		};
/* End PBXNativeTarget section */

/* Begin PBXProject section */
		D1D940C6251DFFA100FE421D /* Project object */ = {
			isa = PBXProject;
			attributes = {
				LastSwiftUpdateCheck = 1200;
				LastUpgradeCheck = 1200;
				TargetAttributes = {
					D1D940CD251DFFA100FE421D = {
						CreatedOnToolsVersion = 12.0;
					};
				};
			};
			buildConfigurationList = D1D940C9251DFFA100FE421D /* Build configuration list for PBXProject "PopupDialogReviewAppSample" */;
			compatibilityVersion = "Xcode 9.3";
			developmentRegion = en;
			hasScannedForEncodings = 0;
			knownRegions = (
				en,
				Base,
			);
			mainGroup = D1D940C5251DFFA100FE421D;
			productRefGroup = D1D940CF251DFFA100FE421D /* Products */;
			projectDirPath = "";
			projectRoot = "";
			targets = (
				D1D940CD251DFFA100FE421D /* PopupDialogReviewAppSample */,
			);
		};
/* End PBXProject section */

/* Begin PBXResourcesBuildPhase section */
		D1D940CC251DFFA100FE421D /* Resources */ = {
			isa = PBXResourcesBuildPhase;
			buildActionMask = 2147483647;
			files = (
				D1D940DE251DFFA300FE421D /* LaunchScreen.storyboard in Resources */,
				D1D940F0251E00A000FE421D /* RatingViewController.xib in Resources */,
				D1D940DB251DFFA300FE421D /* Assets.xcassets in Resources */,
				D1D940F6251E01A300FE421D /* ReviewTableViewCell.xib in Resources */,
				D1D94103251E087600FE421D /* SignIn.storyboard in Resources */,
				D1D940D9251DFFA100FE421D /* Main.storyboard in Resources */,
			);
			runOnlyForDeploymentPostprocessing = 0;
		};
/* End PBXResourcesBuildPhase section */

/* Begin PBXShellScriptBuildPhase section */
		4FEE85ADD23E0451797C3E90 /* [CP] Check Pods Manifest.lock */ = {
			isa = PBXShellScriptBuildPhase;
			buildActionMask = 2147483647;
			files = (
			);
			inputFileListPaths = (
			);
			inputPaths = (
				"${PODS_PODFILE_DIR_PATH}/Podfile.lock",
				"${PODS_ROOT}/Manifest.lock",
			);
			name = "[CP] Check Pods Manifest.lock";
			outputFileListPaths = (
			);
			outputPaths = (
				"$(DERIVED_FILE_DIR)/Pods-PopupDialogReviewAppSample-checkManifestLockResult.txt",
			);
			runOnlyForDeploymentPostprocessing = 0;
			shellPath = /bin/sh;
			shellScript = "diff \"${PODS_PODFILE_DIR_PATH}/Podfile.lock\" \"${PODS_ROOT}/Manifest.lock\" > /dev/null\nif [ $? != 0 ] ; then\n    # print error to STDERR\n    echo \"error: The sandbox is not in sync with the Podfile.lock. Run 'pod install' or update your CocoaPods installation.\" >&2\n    exit 1\nfi\n# This output is used by Xcode 'outputs' to avoid re-running this script phase.\necho \"SUCCESS\" > \"${SCRIPT_OUTPUT_FILE_0}\"\n";
			showEnvVarsInLog = 0;
		};
		5ECFE788EDD99740BFC2F27F /* [CP] Embed Pods Frameworks */ = {
			isa = PBXShellScriptBuildPhase;
			buildActionMask = 2147483647;
			files = (
			);
			inputFileListPaths = (
				"${PODS_ROOT}/Target Support Files/Pods-PopupDialogReviewAppSample/Pods-PopupDialogReviewAppSample-frameworks-${CONFIGURATION}-input-files.xcfilelist",
			);
			name = "[CP] Embed Pods Frameworks";
			outputFileListPaths = (
				"${PODS_ROOT}/Target Support Files/Pods-PopupDialogReviewAppSample/Pods-PopupDialogReviewAppSample-frameworks-${CONFIGURATION}-output-files.xcfilelist",
			);
			runOnlyForDeploymentPostprocessing = 0;
			shellPath = /bin/sh;
			shellScript = "\"${PODS_ROOT}/Target Support Files/Pods-PopupDialogReviewAppSample/Pods-PopupDialogReviewAppSample-frameworks.sh\"\n";
			showEnvVarsInLog = 0;
		};
/* End PBXShellScriptBuildPhase section */

/* Begin PBXSourcesBuildPhase section */
		D1D940CA251DFFA100FE421D /* Sources */ = {
			isa = PBXSourcesBuildPhase;
			buildActionMask = 2147483647;
			files = (
				D1D94100251E084500FE421D /* SignInViewController.swift in Sources */,
				D1D94106251E08BA00FE421D /* Review.swift in Sources */,
				D1D940FC251E083800FE421D /* SignUpViewController.swift in Sources */,
				D1D940D6251DFFA100FE421D /* ViewController.swift in Sources */,
				D1D940F1251E00A000FE421D /* RatingViewController.swift in Sources */,
				D1D94109251E08E000FE421D /* User.swift in Sources */,
				D1D940F5251E01A300FE421D /* ReviewTableViewCell.swift in Sources */,
				D1D940D2251DFFA100FE421D /* AppDelegate.swift in Sources */,
				D1D940D4251DFFA100FE421D /* SceneDelegate.swift in Sources */,
			);
			runOnlyForDeploymentPostprocessing = 0;
		};
/* End PBXSourcesBuildPhase section */

/* Begin PBXVariantGroup section */
		D1D940D7251DFFA100FE421D /* Main.storyboard */ = {
			isa = PBXVariantGroup;
			children = (
				D1D940D8251DFFA100FE421D /* Base */,
			);
			name = Main.storyboard;
			sourceTree = "<group>";
		};
		D1D940DC251DFFA300FE421D /* LaunchScreen.storyboard */ = {
			isa = PBXVariantGroup;
			children = (
				D1D940DD251DFFA300FE421D /* Base */,
			);
			name = LaunchScreen.storyboard;
			sourceTree = "<group>";
		};
/* End PBXVariantGroup section */

/* Begin XCBuildConfiguration section */
		D1D940E0251DFFA300FE421D /* Debug */ = {
			isa = XCBuildConfiguration;
			buildSettings = {
				ALWAYS_SEARCH_USER_PATHS = NO;
				CLANG_ANALYZER_NONNULL = YES;
				CLANG_ANALYZER_NUMBER_OBJECT_CONVERSION = YES_AGGRESSIVE;
				CLANG_CXX_LANGUAGE_STANDARD = "gnu++14";
				CLANG_CXX_LIBRARY = "libc++";
				CLANG_ENABLE_MODULES = YES;
				CLANG_ENABLE_OBJC_ARC = YES;
				CLANG_ENABLE_OBJC_WEAK = YES;
				CLANG_WARN_BLOCK_CAPTURE_AUTORELEASING = YES;
				CLANG_WARN_BOOL_CONVERSION = YES;
				CLANG_WARN_COMMA = YES;
				CLANG_WARN_CONSTANT_CONVERSION = YES;
				CLANG_WARN_DEPRECATED_OBJC_IMPLEMENTATIONS = YES;
				CLANG_WARN_DIRECT_OBJC_ISA_USAGE = YES_ERROR;
				CLANG_WARN_DOCUMENTATION_COMMENTS = YES;
				CLANG_WARN_EMPTY_BODY = YES;
				CLANG_WARN_ENUM_CONVERSION = YES;
				CLANG_WARN_INFINITE_RECURSION = YES;
				CLANG_WARN_INT_CONVERSION = YES;
				CLANG_WARN_NON_LITERAL_NULL_CONVERSION = YES;
				CLANG_WARN_OBJC_IMPLICIT_RETAIN_SELF = YES;
				CLANG_WARN_OBJC_LITERAL_CONVERSION = YES;
				CLANG_WARN_OBJC_ROOT_CLASS = YES_ERROR;
				CLANG_WARN_QUOTED_INCLUDE_IN_FRAMEWORK_HEADER = YES;
				CLANG_WARN_RANGE_LOOP_ANALYSIS = YES;
				CLANG_WARN_STRICT_PROTOTYPES = YES;
				CLANG_WARN_SUSPICIOUS_MOVE = YES;
				CLANG_WARN_UNGUARDED_AVAILABILITY = YES_AGGRESSIVE;
				CLANG_WARN_UNREACHABLE_CODE = YES;
				CLANG_WARN__DUPLICATE_METHOD_MATCH = YES;
				COPY_PHASE_STRIP = NO;
				DEBUG_INFORMATION_FORMAT = dwarf;
				ENABLE_STRICT_OBJC_MSGSEND = YES;
				ENABLE_TESTABILITY = YES;
				GCC_C_LANGUAGE_STANDARD = gnu11;
				GCC_DYNAMIC_NO_PIC = NO;
				GCC_NO_COMMON_BLOCKS = YES;
				GCC_OPTIMIZATION_LEVEL = 0;
				GCC_PREPROCESSOR_DEFINITIONS = (
					"DEBUG=1",
					"$(inherited)",
				);
				GCC_WARN_64_TO_32_BIT_CONVERSION = YES;
				GCC_WARN_ABOUT_RETURN_TYPE = YES_ERROR;
				GCC_WARN_UNDECLARED_SELECTOR = YES;
				GCC_WARN_UNINITIALIZED_AUTOS = YES_AGGRESSIVE;
				GCC_WARN_UNUSED_FUNCTION = YES;
				GCC_WARN_UNUSED_VARIABLE = YES;
				IPHONEOS_DEPLOYMENT_TARGET = 14.0;
				MTL_ENABLE_DEBUG_INFO = INCLUDE_SOURCE;
				MTL_FAST_MATH = YES;
				ONLY_ACTIVE_ARCH = YES;
				SDKROOT = iphoneos;
				SWIFT_ACTIVE_COMPILATION_CONDITIONS = DEBUG;
				SWIFT_OPTIMIZATION_LEVEL = "-Onone";
			};
			name = Debug;
		};
		D1D940E1251DFFA300FE421D /* Release */ = {
			isa = XCBuildConfiguration;
			buildSettings = {
				ALWAYS_SEARCH_USER_PATHS = NO;
				CLANG_ANALYZER_NONNULL = YES;
				CLANG_ANALYZER_NUMBER_OBJECT_CONVERSION = YES_AGGRESSIVE;
				CLANG_CXX_LANGUAGE_STANDARD = "gnu++14";
				CLANG_CXX_LIBRARY = "libc++";
				CLANG_ENABLE_MODULES = YES;
				CLANG_ENABLE_OBJC_ARC = YES;
				CLANG_ENABLE_OBJC_WEAK = YES;
				CLANG_WARN_BLOCK_CAPTURE_AUTORELEASING = YES;
				CLANG_WARN_BOOL_CONVERSION = YES;
				CLANG_WARN_COMMA = YES;
				CLANG_WARN_CONSTANT_CONVERSION = YES;
				CLANG_WARN_DEPRECATED_OBJC_IMPLEMENTATIONS = YES;
				CLANG_WARN_DIRECT_OBJC_ISA_USAGE = YES_ERROR;
				CLANG_WARN_DOCUMENTATION_COMMENTS = YES;
				CLANG_WARN_EMPTY_BODY = YES;
				CLANG_WARN_ENUM_CONVERSION = YES;
				CLANG_WARN_INFINITE_RECURSION = YES;
				CLANG_WARN_INT_CONVERSION = YES;
				CLANG_WARN_NON_LITERAL_NULL_CONVERSION = YES;
				CLANG_WARN_OBJC_IMPLICIT_RETAIN_SELF = YES;
				CLANG_WARN_OBJC_LITERAL_CONVERSION = YES;
				CLANG_WARN_OBJC_ROOT_CLASS = YES_ERROR;
				CLANG_WARN_QUOTED_INCLUDE_IN_FRAMEWORK_HEADER = YES;
				CLANG_WARN_RANGE_LOOP_ANALYSIS = YES;
				CLANG_WARN_STRICT_PROTOTYPES = YES;
				CLANG_WARN_SUSPICIOUS_MOVE = YES;
				CLANG_WARN_UNGUARDED_AVAILABILITY = YES_AGGRESSIVE;
				CLANG_WARN_UNREACHABLE_CODE = YES;
				CLANG_WARN__DUPLICATE_METHOD_MATCH = YES;
				COPY_PHASE_STRIP = NO;
				DEBUG_INFORMATION_FORMAT = "dwarf-with-dsym";
				ENABLE_NS_ASSERTIONS = NO;
				ENABLE_STRICT_OBJC_MSGSEND = YES;
				GCC_C_LANGUAGE_STANDARD = gnu11;
				GCC_NO_COMMON_BLOCKS = YES;
				GCC_WARN_64_TO_32_BIT_CONVERSION = YES;
				GCC_WARN_ABOUT_RETURN_TYPE = YES_ERROR;
				GCC_WARN_UNDECLARED_SELECTOR = YES;
				GCC_WARN_UNINITIALIZED_AUTOS = YES_AGGRESSIVE;
				GCC_WARN_UNUSED_FUNCTION = YES;
				GCC_WARN_UNUSED_VARIABLE = YES;
				IPHONEOS_DEPLOYMENT_TARGET = 14.0;
				MTL_ENABLE_DEBUG_INFO = NO;
				MTL_FAST_MATH = YES;
				SDKROOT = iphoneos;
				SWIFT_COMPILATION_MODE = wholemodule;
				SWIFT_OPTIMIZATION_LEVEL = "-O";
				VALIDATE_PRODUCT = YES;
			};
			name = Release;
		};
		D1D940E3251DFFA300FE421D /* Debug */ = {
			isa = XCBuildConfiguration;
			baseConfigurationReference = 8BF1F7BF81E4B4573B83D263 /* Pods-PopupDialogReviewAppSample.debug.xcconfig */;
			buildSettings = {
				ASSETCATALOG_COMPILER_APPICON_NAME = AppIcon;
				ASSETCATALOG_COMPILER_GLOBAL_ACCENT_COLOR_NAME = AccentColor;
				CODE_SIGN_STYLE = Automatic;
				INFOPLIST_FILE = PopupDialogReviewAppSample/Info.plist;
				LD_RUNPATH_SEARCH_PATHS = (
					"$(inherited)",
					"@executable_path/Frameworks",
				);
				PRODUCT_BUNDLE_IDENTIFIER = com.tomotaka.PopupDialogReviewAppSample;
				PRODUCT_NAME = "$(TARGET_NAME)";
				SWIFT_VERSION = 5.0;
				TARGETED_DEVICE_FAMILY = "1,2";
			};
			name = Debug;
		};
		D1D940E4251DFFA300FE421D /* Release */ = {
			isa = XCBuildConfiguration;
			baseConfigurationReference = A70D486AE024A0DBABA0F308 /* Pods-PopupDialogReviewAppSample.release.xcconfig */;
			buildSettings = {
				ASSETCATALOG_COMPILER_APPICON_NAME = AppIcon;
				ASSETCATALOG_COMPILER_GLOBAL_ACCENT_COLOR_NAME = AccentColor;
				CODE_SIGN_STYLE = Automatic;
				INFOPLIST_FILE = PopupDialogReviewAppSample/Info.plist;
				LD_RUNPATH_SEARCH_PATHS = (
					"$(inherited)",
					"@executable_path/Frameworks",
				);
				PRODUCT_BUNDLE_IDENTIFIER = com.tomotaka.PopupDialogReviewAppSample;
				PRODUCT_NAME = "$(TARGET_NAME)";
				SWIFT_VERSION = 5.0;
				TARGETED_DEVICE_FAMILY = "1,2";
			};
			name = Release;
		};
/* End XCBuildConfiguration section */

/* Begin XCConfigurationList section */
		D1D940C9251DFFA100FE421D /* Build configuration list for PBXProject "PopupDialogReviewAppSample" */ = {
			isa = XCConfigurationList;
			buildConfigurations = (
				D1D940E0251DFFA300FE421D /* Debug */,
				D1D940E1251DFFA300FE421D /* Release */,
			);
			defaultConfigurationIsVisible = 0;
			defaultConfigurationName = Release;
		};
		D1D940E2251DFFA300FE421D /* Build configuration list for PBXNativeTarget "PopupDialogReviewAppSample" */ = {
			isa = XCConfigurationList;
			buildConfigurations = (
				D1D940E3251DFFA300FE421D /* Debug */,
				D1D940E4251DFFA300FE421D /* Release */,
			);
			defaultConfigurationIsVisible = 0;
			defaultConfigurationName = Release;
		};
/* End XCConfigurationList section */
	};
	rootObject = D1D940C6251DFFA100FE421D /* Project object */;
}
